// !$*UTF8*$!
{
	archiveVersion = 1;
	classes = {
	};
	objectVersion = 46;
	objects = {

/* Begin PBXBuildFile section */
		459106F61C97FB3D00F7AA6E /* CXAction_function.m in Sources */ = {isa = PBXBuildFile; fileRef = 459106F31C97FB3D00F7AA6E /* CXAction_function.m */; };
		459107041C99264B00F7AA6E /* CXNetworkAction_block.m in Sources */ = {isa = PBXBuildFile; fileRef = 459107031C99264B00F7AA6E /* CXNetworkAction_block.m */; };
		4591070A1C992D6300F7AA6E /* CXAction_block.m in Sources */ = {isa = PBXBuildFile; fileRef = 459107091C992D6300F7AA6E /* CXAction_block.m */; };
		459107111C993D2700F7AA6E /* CXServiceAction_function.m in Sources */ = {isa = PBXBuildFile; fileRef = 459107101C993D2700F7AA6E /* CXServiceAction_function.m */; };
		4596FF101C8176B1002A2398 /* main.m in Sources */ = {isa = PBXBuildFile; fileRef = 4596FF0F1C8176B1002A2398 /* main.m */; };
		4596FF131C8176B1002A2398 /* AppDelegate.m in Sources */ = {isa = PBXBuildFile; fileRef = 4596FF121C8176B1002A2398 /* AppDelegate.m */; };
		4596FF161C8176B1002A2398 /* ViewController.m in Sources */ = {isa = PBXBuildFile; fileRef = 4596FF151C8176B1002A2398 /* ViewController.m */; };
		4596FF191C8176B1002A2398 /* Main.storyboard in Resources */ = {isa = PBXBuildFile; fileRef = 4596FF171C8176B1002A2398 /* Main.storyboard */; };
		4596FF1B1C8176B1002A2398 /* Assets.xcassets in Resources */ = {isa = PBXBuildFile; fileRef = 4596FF1A1C8176B1002A2398 /* Assets.xcassets */; };
		4596FF1E1C8176B1002A2398 /* LaunchScreen.storyboard in Resources */ = {isa = PBXBuildFile; fileRef = 4596FF1C1C8176B1002A2398 /* LaunchScreen.storyboard */; };
		4596FF2B1C81A05F002A2398 /* AFXMLRPCSessionManager.m in Sources */ = {isa = PBXBuildFile; fileRef = 4596FF2A1C81A05F002A2398 /* AFXMLRPCSessionManager.m */; };
		45B314FF1C9BAAF50005A214 /* CXUIAction_function.m in Sources */ = {isa = PBXBuildFile; fileRef = 45B314FE1C9BAAF50005A214 /* CXUIAction_function.m */; };
		45B315021C9BAB050005A214 /* CXNetworkAction_function.m in Sources */ = {isa = PBXBuildFile; fileRef = 45B315011C9BAB050005A214 /* CXNetworkAction_function.m */; };
		45B315061C9BCB170005A214 /* LoginViewController.m in Sources */ = {isa = PBXBuildFile; fileRef = 45B315051C9BCB170005A214 /* LoginViewController.m */; };
		45B3150A1C9BCB4E0005A214 /* MainAction.m in Sources */ = {isa = PBXBuildFile; fileRef = 45B315091C9BCB4E0005A214 /* MainAction.m */; };
		BC4F7E4054CC957561689A3B /* libPods.a in Frameworks */ = {isa = PBXBuildFile; fileRef = E6E18B01F87220923DDB1C15 /* libPods.a */; };
/* End PBXBuildFile section */

/* Begin PBXFileReference section */
		459106F21C97FB3D00F7AA6E /* CXAction_function.h */ = {isa = PBXFileReference; fileEncoding = 4; lastKnownFileType = sourcecode.c.h; path = CXAction_function.h; sourceTree = "<group>"; };
		459106F31C97FB3D00F7AA6E /* CXAction_function.m */ = {isa = PBXFileReference; fileEncoding = 4; lastKnownFileType = sourcecode.c.objc; path = CXAction_function.m; sourceTree = "<group>"; };
		459107021C99264B00F7AA6E /* CXNetworkAction_block.h */ = {isa = PBXFileReference; fileEncoding = 4; lastKnownFileType = sourcecode.c.h; path = CXNetworkAction_block.h; sourceTree = "<group>"; };
		459107031C99264B00F7AA6E /* CXNetworkAction_block.m */ = {isa = PBXFileReference; fileEncoding = 4; lastKnownFileType = sourcecode.c.objc; path = CXNetworkAction_block.m; sourceTree = "<group>"; };
		459107081C992D6300F7AA6E /* CXAction_block.h */ = {isa = PBXFileReference; fileEncoding = 4; lastKnownFileType = sourcecode.c.h; path = CXAction_block.h; sourceTree = "<group>"; };
		459107091C992D6300F7AA6E /* CXAction_block.m */ = {isa = PBXFileReference; fileEncoding = 4; lastKnownFileType = sourcecode.c.objc; path = CXAction_block.m; sourceTree = "<group>"; };
		4591070E1C9939D700F7AA6E /* CXAction.h */ = {isa = PBXFileReference; lastKnownFileType = sourcecode.c.h; path = CXAction.h; sourceTree = "<group>"; };
		4591070F1C993D2700F7AA6E /* CXServiceAction_function.h */ = {isa = PBXFileReference; fileEncoding = 4; lastKnownFileType = sourcecode.c.h; path = CXServiceAction_function.h; sourceTree = "<group>"; };
		459107101C993D2700F7AA6E /* CXServiceAction_function.m */ = {isa = PBXFileReference; fileEncoding = 4; lastKnownFileType = sourcecode.c.objc; path = CXServiceAction_function.m; sourceTree = "<group>"; };
		4596FF0B1C8176B1002A2398 /* odooMobile.app */ = {isa = PBXFileReference; explicitFileType = wrapper.application; includeInIndex = 0; path = odooMobile.app; sourceTree = BUILT_PRODUCTS_DIR; };
		4596FF0F1C8176B1002A2398 /* main.m */ = {isa = PBXFileReference; lastKnownFileType = sourcecode.c.objc; path = main.m; sourceTree = "<group>"; };
		4596FF111C8176B1002A2398 /* AppDelegate.h */ = {isa = PBXFileReference; lastKnownFileType = sourcecode.c.h; path = AppDelegate.h; sourceTree = "<group>"; };
		4596FF121C8176B1002A2398 /* AppDelegate.m */ = {isa = PBXFileReference; lastKnownFileType = sourcecode.c.objc; path = AppDelegate.m; sourceTree = "<group>"; };
		4596FF141C8176B1002A2398 /* ViewController.h */ = {isa = PBXFileReference; lastKnownFileType = sourcecode.c.h; path = ViewController.h; sourceTree = "<group>"; };
		4596FF151C8176B1002A2398 /* ViewController.m */ = {isa = PBXFileReference; lastKnownFileType = sourcecode.c.objc; path = ViewController.m; sourceTree = "<group>"; };
		4596FF181C8176B1002A2398 /* Base */ = {isa = PBXFileReference; lastKnownFileType = file.storyboard; name = Base; path = Base.lproj/Main.storyboard; sourceTree = "<group>"; };
		4596FF1A1C8176B1002A2398 /* Assets.xcassets */ = {isa = PBXFileReference; lastKnownFileType = folder.assetcatalog; path = Assets.xcassets; sourceTree = "<group>"; };
		4596FF1D1C8176B1002A2398 /* Base */ = {isa = PBXFileReference; lastKnownFileType = file.storyboard; name = Base; path = Base.lproj/LaunchScreen.storyboard; sourceTree = "<group>"; };
		4596FF1F1C8176B1002A2398 /* Info.plist */ = {isa = PBXFileReference; lastKnownFileType = text.plist.xml; path = Info.plist; sourceTree = "<group>"; };
		4596FF291C81A05F002A2398 /* AFXMLRPCSessionManager.h */ = {isa = PBXFileReference; fileEncoding = 4; lastKnownFileType = sourcecode.c.h; path = AFXMLRPCSessionManager.h; sourceTree = "<group>"; };
		4596FF2A1C81A05F002A2398 /* AFXMLRPCSessionManager.m */ = {isa = PBXFileReference; fileEncoding = 4; lastKnownFileType = sourcecode.c.objc; path = AFXMLRPCSessionManager.m; sourceTree = "<group>"; };
		45B314FD1C9BAAF50005A214 /* CXUIAction_function.h */ = {isa = PBXFileReference; fileEncoding = 4; lastKnownFileType = sourcecode.c.h; path = CXUIAction_function.h; sourceTree = "<group>"; };
		45B314FE1C9BAAF50005A214 /* CXUIAction_function.m */ = {isa = PBXFileReference; fileEncoding = 4; lastKnownFileType = sourcecode.c.objc; path = CXUIAction_function.m; sourceTree = "<group>"; };
		45B315001C9BAB050005A214 /* CXNetworkAction_function.h */ = {isa = PBXFileReference; fileEncoding = 4; lastKnownFileType = sourcecode.c.h; path = CXNetworkAction_function.h; sourceTree = "<group>"; };
		45B315011C9BAB050005A214 /* CXNetworkAction_function.m */ = {isa = PBXFileReference; fileEncoding = 4; lastKnownFileType = sourcecode.c.objc; path = CXNetworkAction_function.m; sourceTree = "<group>"; };
		45B315041C9BCB170005A214 /* LoginViewController.h */ = {isa = PBXFileReference; fileEncoding = 4; lastKnownFileType = sourcecode.c.h; path = LoginViewController.h; sourceTree = "<group>"; };
		45B315051C9BCB170005A214 /* LoginViewController.m */ = {isa = PBXFileReference; fileEncoding = 4; lastKnownFileType = sourcecode.c.objc; path = LoginViewController.m; sourceTree = "<group>"; };
		45B315081C9BCB4E0005A214 /* MainAction.h */ = {isa = PBXFileReference; fileEncoding = 4; lastKnownFileType = sourcecode.c.h; path = MainAction.h; sourceTree = "<group>"; };
		45B315091C9BCB4E0005A214 /* MainAction.m */ = {isa = PBXFileReference; fileEncoding = 4; lastKnownFileType = sourcecode.c.objc; path = MainAction.m; sourceTree = "<group>"; };
		985ABB801C0216F7C3D24998 /* Pods.release.xcconfig */ = {isa = PBXFileReference; includeInIndex = 1; lastKnownFileType = text.xcconfig; name = Pods.release.xcconfig; path = "Pods/Target Support Files/Pods/Pods.release.xcconfig"; sourceTree = "<group>"; };
		E6E18B01F87220923DDB1C15 /* libPods.a */ = {isa = PBXFileReference; explicitFileType = archive.ar; includeInIndex = 0; path = libPods.a; sourceTree = BUILT_PRODUCTS_DIR; };
		FD6DDA1A9ACB9DE466C5F519 /* Pods.debug.xcconfig */ = {isa = PBXFileReference; includeInIndex = 1; lastKnownFileType = text.xcconfig; name = Pods.debug.xcconfig; path = "Pods/Target Support Files/Pods/Pods.debug.xcconfig"; sourceTree = "<group>"; };
/* End PBXFileReference section */

/* Begin PBXFrameworksBuildPhase section */
		4596FF081C8176B1002A2398 /* Frameworks */ = {
			isa = PBXFrameworksBuildPhase;
			buildActionMask = 2147483647;
			files = (
				BC4F7E4054CC957561689A3B /* libPods.a in Frameworks */,
			);
			runOnlyForDeploymentPostprocessing = 0;
		};
/* End PBXFrameworksBuildPhase section */

/* Begin PBXGroup section */
		384A16BBCC4317F6BE793C76 /* Pods */ = {
			isa = PBXGroup;
			children = (
				FD6DDA1A9ACB9DE466C5F519 /* Pods.debug.xcconfig */,
				985ABB801C0216F7C3D24998 /* Pods.release.xcconfig */,
			);
			name = Pods;
			sourceTree = "<group>";
		};
		459106F01C97FB3D00F7AA6E /* Frameworks */ = {
			isa = PBXGroup;
			children = (
				459106F11C97FB3D00F7AA6E /* CXWorkFlow */,
			);
			path = Frameworks;
			sourceTree = "<group>";
		};
		459106F11C97FB3D00F7AA6E /* CXWorkFlow */ = {
			isa = PBXGroup;
			children = (
				459107081C992D6300F7AA6E /* CXAction_block.h */,
				459107091C992D6300F7AA6E /* CXAction_block.m */,
				459107021C99264B00F7AA6E /* CXNetworkAction_block.h */,
				459107031C99264B00F7AA6E /* CXNetworkAction_block.m */,
				459106F21C97FB3D00F7AA6E /* CXAction_function.h */,
				459106F31C97FB3D00F7AA6E /* CXAction_function.m */,
				4591070F1C993D2700F7AA6E /* CXServiceAction_function.h */,
				459107101C993D2700F7AA6E /* CXServiceAction_function.m */,
				45B314FD1C9BAAF50005A214 /* CXUIAction_function.h */,
				45B314FE1C9BAAF50005A214 /* CXUIAction_function.m */,
				45B315001C9BAB050005A214 /* CXNetworkAction_function.h */,
				45B315011C9BAB050005A214 /* CXNetworkAction_function.m */,
				4591070E1C9939D700F7AA6E /* CXAction.h */,
			);
			path = CXWorkFlow;
			sourceTree = "<group>";
		};
		4596FF021C8176B1002A2398 = {
			isa = PBXGroup;
			children = (
				4596FF0D1C8176B1002A2398 /* odooMobile */,
				4596FF0C1C8176B1002A2398 /* Products */,
				384A16BBCC4317F6BE793C76 /* Pods */,
				E9B5A6C60EDAE03C8C1048A6 /* Frameworks */,
			);
			sourceTree = "<group>";
		};
		4596FF0C1C8176B1002A2398 /* Products */ = {
			isa = PBXGroup;
			children = (
				4596FF0B1C8176B1002A2398 /* odooMobile.app */,
			);
			name = Products;
			sourceTree = "<group>";
		};
		4596FF0D1C8176B1002A2398 /* odooMobile */ = {
			isa = PBXGroup;
			children = (
				459106F01C97FB3D00F7AA6E /* Frameworks */,
				4596FF251C8181E9002A2398 /* Model */,
				45B315031C9BCAFF0005A214 /* UI */,
				45B315071C9BCB320005A214 /* Action */,
				4596FF111C8176B1002A2398 /* AppDelegate.h */,
				4596FF121C8176B1002A2398 /* AppDelegate.m */,
				4596FF141C8176B1002A2398 /* ViewController.h */,
				4596FF151C8176B1002A2398 /* ViewController.m */,
				4596FF171C8176B1002A2398 /* Main.storyboard */,
				4596FF1A1C8176B1002A2398 /* Assets.xcassets */,
				4596FF1C1C8176B1002A2398 /* LaunchScreen.storyboard */,
				4596FF1F1C8176B1002A2398 /* Info.plist */,
				4596FF0E1C8176B1002A2398 /* Supporting Files */,
			);
			path = odooMobile;
			sourceTree = "<group>";
		};
		4596FF0E1C8176B1002A2398 /* Supporting Files */ = {
			isa = PBXGroup;
			children = (
				4596FF0F1C8176B1002A2398 /* main.m */,
			);
			name = "Supporting Files";
			sourceTree = "<group>";
		};
		4596FF251C8181E9002A2398 /* Model */ = {
			isa = PBXGroup;
			children = (
				4596FF291C81A05F002A2398 /* AFXMLRPCSessionManager.h */,
				4596FF2A1C81A05F002A2398 /* AFXMLRPCSessionManager.m */,
			);
			path = Model;
			sourceTree = "<group>";
		};
		45B315031C9BCAFF0005A214 /* UI */ = {
			isa = PBXGroup;
			children = (
				45B315041C9BCB170005A214 /* LoginViewController.h */,
				45B315051C9BCB170005A214 /* LoginViewController.m */,
			);
			path = UI;
			sourceTree = "<group>";
		};
		45B315071C9BCB320005A214 /* Action */ = {
			isa = PBXGroup;
			children = (
				45B315081C9BCB4E0005A214 /* MainAction.h */,
				45B315091C9BCB4E0005A214 /* MainAction.m */,
			);
			path = Action;
			sourceTree = "<group>";
		};
		E9B5A6C60EDAE03C8C1048A6 /* Frameworks */ = {
			isa = PBXGroup;
			children = (
				E6E18B01F87220923DDB1C15 /* libPods.a */,
			);
			name = Frameworks;
			sourceTree = "<group>";
		};
/* End PBXGroup section */

/* Begin PBXNativeTarget section */
		4596FF0A1C8176B1002A2398 /* odooMobile */ = {
			isa = PBXNativeTarget;
			buildConfigurationList = 4596FF221C8176B1002A2398 /* Build configuration list for PBXNativeTarget "odooMobile" */;
			buildPhases = (
				3F6730F154BBF08EA1C20983 /* Check Pods Manifest.lock */,
				4596FF071C8176B1002A2398 /* Sources */,
				4596FF081C8176B1002A2398 /* Frameworks */,
				4596FF091C8176B1002A2398 /* Resources */,
				87EF9CD6580711A3616C81CE /* Embed Pods Frameworks */,
				9222C26AF81B32245A5E584F /* Copy Pods Resources */,
			);
			buildRules = (
			);
			dependencies = (
			);
			name = odooMobile;
			productName = odooMobile;
			productReference = 4596FF0B1C8176B1002A2398 /* odooMobile.app */;
			productType = "com.apple.product-type.application";
		};
/* End PBXNativeTarget section */

/* Begin PBXProject section */
		4596FF031C8176B1002A2398 /* Project object */ = {
			isa = PBXProject;
			attributes = {
				LastUpgradeCheck = 0720;
				ORGANIZATIONNAME = LeiQiao;
				TargetAttributes = {
					4596FF0A1C8176B1002A2398 = {
						CreatedOnToolsVersion = 7.2.1;
					};
				};
			};
			buildConfigurationList = 4596FF061C8176B1002A2398 /* Build configuration list for PBXProject "odooMobile" */;
			compatibilityVersion = "Xcode 3.2";
			developmentRegion = English;
			hasScannedForEncodings = 0;
			knownRegions = (
				en,
				Base,
			);
			mainGroup = 4596FF021C8176B1002A2398;
			productRefGroup = 4596FF0C1C8176B1002A2398 /* Products */;
			projectDirPath = "";
			projectRoot = "";
			targets = (
				4596FF0A1C8176B1002A2398 /* odooMobile */,
			);
		};
/* End PBXProject section */

/* Begin PBXResourcesBuildPhase section */
		4596FF091C8176B1002A2398 /* Resources */ = {
			isa = PBXResourcesBuildPhase;
			buildActionMask = 2147483647;
			files = (
				4596FF1E1C8176B1002A2398 /* LaunchScreen.storyboard in Resources */,
				4596FF1B1C8176B1002A2398 /* Assets.xcassets in Resources */,
				4596FF191C8176B1002A2398 /* Main.storyboard in Resources */,
			);
			runOnlyForDeploymentPostprocessing = 0;
		};
/* End PBXResourcesBuildPhase section */

/* Begin PBXShellScriptBuildPhase section */
		3F6730F154BBF08EA1C20983 /* Check Pods Manifest.lock */ = {
			isa = PBXShellScriptBuildPhase;
			buildActionMask = 2147483647;
			files = (
			);
			inputPaths = (
			);
			name = "Check Pods Manifest.lock";
			outputPaths = (
			);
			runOnlyForDeploymentPostprocessing = 0;
			shellPath = /bin/sh;
			shellScript = "diff \"${PODS_ROOT}/../Podfile.lock\" \"${PODS_ROOT}/Manifest.lock\" > /dev/null\nif [[ $? != 0 ]] ; then\n    cat << EOM\nerror: The sandbox is not in sync with the Podfile.lock. Run 'pod install' or update your CocoaPods installation.\nEOM\n    exit 1\nfi\n";
			showEnvVarsInLog = 0;
		};
		87EF9CD6580711A3616C81CE /* Embed Pods Frameworks */ = {
			isa = PBXShellScriptBuildPhase;
			buildActionMask = 2147483647;
			files = (
			);
			inputPaths = (
			);
			name = "Embed Pods Frameworks";
			outputPaths = (
			);
			runOnlyForDeploymentPostprocessing = 0;
			shellPath = /bin/sh;
			shellScript = "\"${SRCROOT}/Pods/Target Support Files/Pods/Pods-frameworks.sh\"\n";
			showEnvVarsInLog = 0;
		};
		9222C26AF81B32245A5E584F /* Copy Pods Resources */ = {
			isa = PBXShellScriptBuildPhase;
			buildActionMask = 2147483647;
			files = (
			);
			inputPaths = (
			);
			name = "Copy Pods Resources";
			outputPaths = (
			);
			runOnlyForDeploymentPostprocessing = 0;
			shellPath = /bin/sh;
			shellScript = "\"${SRCROOT}/Pods/Target Support Files/Pods/Pods-resources.sh\"\n";
			showEnvVarsInLog = 0;
		};
/* End PBXShellScriptBuildPhase section */

/* Begin PBXSourcesBuildPhase section */
		4596FF071C8176B1002A2398 /* Sources */ = {
			isa = PBXSourcesBuildPhase;
			buildActionMask = 2147483647;
			files = (
				4596FF161C8176B1002A2398 /* ViewController.m in Sources */,
				459107041C99264B00F7AA6E /* CXNetworkAction_block.m in Sources */,
				45B314FF1C9BAAF50005A214 /* CXUIAction_function.m in Sources */,
				4596FF131C8176B1002A2398 /* AppDelegate.m in Sources */,
				4591070A1C992D6300F7AA6E /* CXAction_block.m in Sources */,
				459106F61C97FB3D00F7AA6E /* CXAction_function.m in Sources */,
				45B315021C9BAB050005A214 /* CXNetworkAction_function.m in Sources */,
				4596FF101C8176B1002A2398 /* main.m in Sources */,
				4596FF2B1C81A05F002A2398 /* AFXMLRPCSessionManager.m in Sources */,
				45B315061C9BCB170005A214 /* LoginViewController.m in Sources */,
				45B3150A1C9BCB4E0005A214 /* MainAction.m in Sources */,
				459107111C993D2700F7AA6E /* CXServiceAction_function.m in Sources */,
			);
			runOnlyForDeploymentPostprocessing = 0;
		};
/* End PBXSourcesBuildPhase section */

/* Begin PBXVariantGroup section */
		4596FF171C8176B1002A2398 /* Main.storyboard */ = {
			isa = PBXVariantGroup;
			children = (
				4596FF181C8176B1002A2398 /* Base */,
			);
			name = Main.storyboard;
			sourceTree = "<group>";
		};
		4596FF1C1C8176B1002A2398 /* LaunchScreen.storyboard */ = {
			isa = PBXVariantGroup;
			children = (
				4596FF1D1C8176B1002A2398 /* Base */,
			);
			name = LaunchScreen.storyboard;
			sourceTree = "<group>";
		};
/* End PBXVariantGroup section */

/* Begin XCBuildConfiguration section */
		4596FF201C8176B1002A2398 /* Debug */ = {
			isa = XCBuildConfiguration;
			buildSettings = {
				ALWAYS_SEARCH_USER_PATHS = NO;
				CLANG_CXX_LANGUAGE_STANDARD = "gnu++0x";
				CLANG_CXX_LIBRARY = "libc++";
				CLANG_ENABLE_MODULES = YES;
				CLANG_ENABLE_OBJC_ARC = YES;
				CLANG_WARN_BOOL_CONVERSION = YES;
				CLANG_WARN_CONSTANT_CONVERSION = YES;
				CLANG_WARN_DIRECT_OBJC_ISA_USAGE = YES_ERROR;
				CLANG_WARN_EMPTY_BODY = YES;
				CLANG_WARN_ENUM_CONVERSION = YES;
				CLANG_WARN_INT_CONVERSION = YES;
				CLANG_WARN_OBJC_ROOT_CLASS = YES_ERROR;
				CLANG_WARN_UNREACHABLE_CODE = YES;
				CLANG_WARN__DUPLICATE_METHOD_MATCH = YES;
				"CODE_SIGN_IDENTITY[sdk=iphoneos*]" = "iPhone Developer";
				COPY_PHASE_STRIP = NO;
				DEBUG_INFORMATION_FORMAT = dwarf;
				ENABLE_STRICT_OBJC_MSGSEND = YES;
				ENABLE_TESTABILITY = YES;
				GCC_C_LANGUAGE_STANDARD = gnu99;
				GCC_DYNAMIC_NO_PIC = NO;
				GCC_NO_COMMON_BLOCKS = YES;
				GCC_OPTIMIZATION_LEVEL = 0;
				GCC_PREPROCESSOR_DEFINITIONS = (
					"DEBUG=1",
					"$(inherited)",
				);
				GCC_WARN_64_TO_32_BIT_CONVERSION = YES;
				GCC_WARN_ABOUT_RETURN_TYPE = YES_ERROR;
				GCC_WARN_UNDECLARED_SELECTOR = YES;
				GCC_WARN_UNINITIALIZED_AUTOS = YES_AGGRESSIVE;
				GCC_WARN_UNUSED_FUNCTION = YES;
				GCC_WARN_UNUSED_VARIABLE = YES;
				IPHONEOS_DEPLOYMENT_TARGET = 9.2;
				MTL_ENABLE_DEBUG_INFO = YES;
				ONLY_ACTIVE_ARCH = YES;
				SDKROOT = iphoneos;
				TARGETED_DEVICE_FAMILY = "1,2";
			};
			name = Debug;
		};
		4596FF211C8176B1002A2398 /* Release */ = {
			isa = XCBuildConfiguration;
			buildSettings = {
				ALWAYS_SEARCH_USER_PATHS = NO;
				CLANG_CXX_LANGUAGE_STANDARD = "gnu++0x";
				CLANG_CXX_LIBRARY = "libc++";
				CLANG_ENABLE_MODULES = YES;
				CLANG_ENABLE_OBJC_ARC = YES;
				CLANG_WARN_BOOL_CONVERSION = YES;
				CLANG_WARN_CONSTANT_CONVERSION = YES;
				CLANG_WARN_DIRECT_OBJC_ISA_USAGE = YES_ERROR;
				CLANG_WARN_EMPTY_BODY = YES;
				CLANG_WARN_ENUM_CONVERSION = YES;
				CLANG_WARN_INT_CONVERSION = YES;
				CLANG_WARN_OBJC_ROOT_CLASS = YES_ERROR;
				CLANG_WARN_UNREACHABLE_CODE = YES;
				CLANG_WARN__DUPLICATE_METHOD_MATCH = YES;
				"CODE_SIGN_IDENTITY[sdk=iphoneos*]" = "iPhone Developer";
				COPY_PHASE_STRIP = NO;
				DEBUG_INFORMATION_FORMAT = "dwarf-with-dsym";
				ENABLE_NS_ASSERTIONS = NO;
				ENABLE_STRICT_OBJC_MSGSEND = YES;
				GCC_C_LANGUAGE_STANDARD = gnu99;
				GCC_NO_COMMON_BLOCKS = YES;
				GCC_WARN_64_TO_32_BIT_CONVERSION = YES;
				GCC_WARN_ABOUT_RETURN_TYPE = YES_ERROR;
				GCC_WARN_UNDECLARED_SELECTOR = YES;
				GCC_WARN_UNINITIALIZED_AUTOS = YES_AGGRESSIVE;
				GCC_WARN_UNUSED_FUNCTION = YES;
				GCC_WARN_UNUSED_VARIABLE = YES;
				IPHONEOS_DEPLOYMENT_TARGET = 9.2;
				MTL_ENABLE_DEBUG_INFO = NO;
				SDKROOT = iphoneos;
				TARGETED_DEVICE_FAMILY = "1,2";
				VALIDATE_PRODUCT = YES;
			};
			name = Release;
		};
		4596FF231C8176B1002A2398 /* Debug */ = {
			isa = XCBuildConfiguration;
			baseConfigurationReference = FD6DDA1A9ACB9DE466C5F519 /* Pods.debug.xcconfig */;
			buildSettings = {
				ASSETCATALOG_COMPILER_APPICON_NAME = AppIcon;
				INFOPLIST_FILE = odooMobile/Info.plist;
				LD_RUNPATH_SEARCH_PATHS = "$(inherited) @executable_path/Frameworks";
				PRODUCT_BUNDLE_IDENTIFIER = com.LoveC.odooMobile;
				PRODUCT_NAME = "$(TARGET_NAME)";
			};
			name = Debug;
		};
		4596FF241C8176B1002A2398 /* Release */ = {
			isa = XCBuildConfiguration;
			baseConfigurationReference = 985ABB801C0216F7C3D24998 /* Pods.release.xcconfig */;
			buildSettings = {
				ASSETCATALOG_COMPILER_APPICON_NAME = AppIcon;
				INFOPLIST_FILE = odooMobile/Info.plist;
				LD_RUNPATH_SEARCH_PATHS = "$(inherited) @executable_path/Frameworks";
				PRODUCT_BUNDLE_IDENTIFIER = com.LoveC.odooMobile;
				PRODUCT_NAME = "$(TARGET_NAME)";
			};
			name = Release;
		};
/* End XCBuildConfiguration section */

/* Begin XCConfigurationList section */
		4596FF061C8176B1002A2398 /* Build configuration list for PBXProject "odooMobile" */ = {
			isa = XCConfigurationList;
			buildConfigurations = (
				4596FF201C8176B1002A2398 /* Debug */,
				4596FF211C8176B1002A2398 /* Release */,
			);
			defaultConfigurationIsVisible = 0;
			defaultConfigurationName = Release;
		};
		4596FF221C8176B1002A2398 /* Build configuration list for PBXNativeTarget "odooMobile" */ = {
			isa = XCConfigurationList;
			buildConfigurations = (
				4596FF231C8176B1002A2398 /* Debug */,
				4596FF241C8176B1002A2398 /* Release */,
			);
			defaultConfigurationIsVisible = 0;
			defaultConfigurationName = Release;
		};
/* End XCConfigurationList section */
	};
	rootObject = 4596FF031C8176B1002A2398 /* Project object */;
}
